# This file is automatically @generated by Cargo.
# It is not intended for manual editing.
version = 4

[[package]]
name = "juice-api"
version = "0.1.0"

[[package]]
name = "juice-boot-direct"
version = "0.1.0"
dependencies = [
 "juice-api",
 "juice-kernel",
]

[[package]]
name = "juice-kernel"
version = "0.1.0"
dependencies = [
 "juice-api",
]
